
Microsoft Visual Studio Solution File, Format Version 12.00
# Visual Studio Express 15 for Windows Desktop
VisualStudioVersion = 15.0.28307.902
MinimumVisualStudioVersion = 10.0.40219.1
Project("{FAE04EC0-301F-11D3-BF4B-00C04F79EFBC}") = "TestProject", "TestProject\TestProject.csproj", "{0DF5577F-08C3-4CE3-87B6-01F28A5BF752}"
EndProject
Global
	GlobalSection(SolutionConfigurationPlatforms) = preSolution
		Debug|Any CPU = Debug|Any CPU
		Release|Any CPU = Release|Any CPU
	EndGlobalSection
	GlobalSection(ProjectConfigurationPlatforms) = postSolution
		{0DF5577F-08C3-4CE3-87B6-01F28A5BF752}.Debug|Any CPU.ActiveCfg = Debug|Any CPU
		{0DF5577F-08C3-4CE3-87B6-01F28A5BF752}.Debug|Any CPU.Build.0 = Debug|Any CPU
		{0DF5577F-08C3-4CE3-87B6-01F28A5BF752}.Release|Any CPU.ActiveCfg = Release|Any CPU
		{0DF5577F-08C3-4CE3-87B6-01F28A5BF752}.Release|Any CPU.Build.0 = Release|Any CPU
	EndGlobalSection
	GlobalSection(SolutionProperties) = preSolution
		HideSolutionNode = FALSE
	EndGlobalSection
	GlobalSection(ExtensibilityGlobals) = postSolution
		SolutionGuid = {8AD7A001-4373-433E-95A9-5EDB9BA24DE4}
	EndGlobalSection
EndGlobal
